{"1.1.0",
[{<<"elli">>,{pkg,<<"elli">>,<<"3.2.0">>},0},
 {<<"envloader">>,
  {git,"https://github.com/nuex/envloader.git",
       {ref,"27a97e04f35c554995467b9236d8ae0188d468c7"}},
  0},
 {<<"epgsql">>,{pkg,<<"epgsql">>,<<"4.3.0">>},0},
 {<<"eql">>,
  {git,"git://github.com/artemeff/eql.git",
       {ref,"a6727a3f878bfdd06648b7a886cbd2c0630db172"}},
  1},
 {<<"getopt">>,{pkg,<<"getopt">>,<<"1.0.1">>},1},
 {<<"goldrush">>,{pkg,<<"goldrush">>,<<"0.1.9">>},1},
 {<<"h3">>,{pkg,<<"h3">>,<<"3.1.1">>},0},
 {<<"jsone">>,{pkg,<<"jsone">>,<<"1.5.2">>},0},
 {<<"lager">>,{pkg,<<"lager">>,<<"3.8.0">>},0},
 {<<"observer_cli">>,{pkg,<<"observer_cli">>,<<"1.5.0">>},0},
 {<<"poolboy">>,{pkg,<<"poolboy">>,<<"1.5.2">>},0},
 {<<"psql_migration">>,
  {git,"https://github.com/helium/psql-migration.git",
       {ref,"a8d8b9ac2d014270d60bdaa34035b022f1bae429"}},
  0},
 {<<"recon">>,{pkg,<<"recon">>,<<"2.5.0">>},0},
 {<<"telemetry">>,{pkg,<<"telemetry">>,<<"0.4.1">>},0}]}.
[
{pkg_hash,[
 {<<"elli">>, <<"7842861819869EBBFF7230BC77ECF2DF551AE3EAEF5FDE6B01A7561CACCB811E">>},
 {<<"epgsql">>, <<"26D9CF04D74773D1DC4DA24AD39E926B34E107232591FE1866EFDFBC0A098396">>},
 {<<"getopt">>, <<"C73A9FA687B217F2FF79F68A3B637711BB1936E712B521D8CE466B29CBF7808A">>},
 {<<"goldrush">>, <<"F06E5D5F1277DA5C413E84D5A2924174182FB108DABB39D5EC548B27424CD106">>},
 {<<"h3">>, <<"C848A0E4963E96EB43647D31937DD7F5FE169A4E7B499A222E88C2C3AC2D80B5">>},
 {<<"jsone">>, <<"87ADEA283C9CF24767B4DEED44602989A5331156DF5D60A2660E9C9114D54046">>},
 {<<"lager">>, <<"3402B9A7E473680CA179FC2F1D827CAB88DD37DD1E6113090C6F45EF05228A1C">>},
 {<<"observer_cli">>, <<"9944882B71F55B2503663D9CB54D3F1C7BBDF7CC6DD01CC40EA8EF51207601EC">>},
 {<<"poolboy">>, <<"392B007A1693A64540CEAD79830443ABF5762F5D30CF50BC95CB2C1AAAFA006B">>},
 {<<"recon">>, <<"2F7FCBEC2C35034BADE2F9717F77059DC54EB4E929A3049CA7BA6775C0BD66CD">>},
 {<<"telemetry">>, <<"AE2718484892448A24470E6AA341BC847C3277BFB8D4E9289F7474D752C09C7F">>}]}
].
